// !$*UTF8*$!
{
	archiveVersion = 1;
	classes = {
	};
	objectVersion = 77;
	objects = {

/* Begin PBXContainerItemProxy section */
		8D9FC60C2CAD257500E8DCD6 /* PBXContainerItemProxy */ = {
			isa = PBXContainerItemProxy;
			containerPortal = 8D9FC5F22CAD257300E8DCD6 /* Project object */;
			proxyType = 1;
			remoteGlobalIDString = 8D9FC5F92CAD257300E8DCD6;
			remoteInfo = GoogleSearch;
		};
		8D9FC6162CAD257500E8DCD6 /* PBXContainerItemProxy */ = {
			isa = PBXContainerItemProxy;
			containerPortal = 8D9FC5F22CAD257300E8DCD6 /* Project object */;
			proxyType = 1;
			remoteGlobalIDString = 8D9FC5F92CAD257300E8DCD6;
			remoteInfo = GoogleSearch;
		};
/* End PBXContainerItemProxy section */

/* Begin PBXFileReference section */
		8D9FC5FA2CAD257300E8DCD6 /* GoogleSearch.app */ = {isa = PBXFileReference; explicitFileType = wrapper.application; includeInIndex = 0; path = GoogleSearch.app; sourceTree = BUILT_PRODUCTS_DIR; };
		8D9FC60B2CAD257500E8DCD6 /* GoogleSearchTests.xctest */ = {isa = PBXFileReference; explicitFileType = wrapper.cfbundle; includeInIndex = 0; path = GoogleSearchTests.xctest; sourceTree = BUILT_PRODUCTS_DIR; };
		8D9FC6152CAD257500E8DCD6 /* GoogleSearchUITests.xctest */ = {isa = PBXFileReference; explicitFileType = wrapper.cfbundle; includeInIndex = 0; path = GoogleSearchUITests.xctest; sourceTree = BUILT_PRODUCTS_DIR; };
/* End PBXFileReference section */

/* Begin PBXFileSystemSynchronizedRootGroup section */
		8D9FC5FC2CAD257300E8DCD6 /* GoogleSearch */ = {
			isa = PBXFileSystemSynchronizedRootGroup;
			path = GoogleSearch;
			sourceTree = "<group>";
		};
		8D9FC60E2CAD257500E8DCD6 /* GoogleSearchTests */ = {
			isa = PBXFileSystemSynchronizedRootGroup;
			path = GoogleSearchTests;
			sourceTree = "<group>";
		};
		8D9FC6182CAD257500E8DCD6 /* GoogleSearchUITests */ = {
			isa = PBXFileSystemSynchronizedRootGroup;
			path = GoogleSearchUITests;
			sourceTree = "<group>";
		};
/* End PBXFileSystemSynchronizedRootGroup section */

/* Begin PBXFrameworksBuildPhase section */
		8D9FC5F72CAD257300E8DCD6 /* Frameworks */ = {
			isa = PBXFrameworksBuildPhase;
			buildActionMask = 2147483647;
			files = (
			);
			runOnlyForDeploymentPostprocessing = 0;
		};
		8D9FC6082CAD257500E8DCD6 /* Frameworks */ = {
			isa = PBXFrameworksBuildPhase;
			buildActionMask = 2147483647;
			files = (
			);
			runOnlyForDeploymentPostprocessing = 0;
		};
		8D9FC6122CAD257500E8DCD6 /* Frameworks */ = {
			isa = PBXFrameworksBuildPhase;
			buildActionMask = 2147483647;
			files = (
			);
			runOnlyForDeploymentPostprocessing = 0;
		};
/* End PBXFrameworksBuildPhase section */

/* Begin PBXGroup section */
		8D9FC5F12CAD257300E8DCD6 = {
			isa = PBXGroup;
			children = (
				8D9FC5FC2CAD257300E8DCD6 /* GoogleSearch */,
				8D9FC60E2CAD257500E8DCD6 /* GoogleSearchTests */,
				8D9FC6182CAD257500E8DCD6 /* GoogleSearchUITests */,
				8D9FC5FB2CAD257300E8DCD6 /* Products */,
			);
			sourceTree = "<group>";
		};
		8D9FC5FB2CAD257300E8DCD6 /* Products */ = {
			isa = PBXGroup;
			children = (
				8D9FC5FA2CAD257300E8DCD6 /* GoogleSearch.app */,
				8D9FC60B2CAD257500E8DCD6 /* GoogleSearchTests.xctest */,
				8D9FC6152CAD257500E8DCD6 /* GoogleSearchUITests.xctest */,
			);
			name = Products;
			sourceTree = "<group>";
		};
/* End PBXGroup section */

/* Begin PBXNativeTarget section */
		8D9FC5F92CAD257300E8DCD6 /* GoogleSearch */ = {
			isa = PBXNativeTarget;
			buildConfigurationList = 8D9FC61F2CAD257500E8DCD6 /* Build configuration list for PBXNativeTarget "GoogleSearch" */;
			buildPhases = (
				8D9FC5F62CAD257300E8DCD6 /* Sources */,
				8D9FC5F72CAD257300E8DCD6 /* Frameworks */,
				8D9FC5F82CAD257300E8DCD6 /* Resources */,
			);
			buildRules = (
			);
			dependencies = (
			);
			fileSystemSynchronizedGroups = (
				8D9FC5FC2CAD257300E8DCD6 /* GoogleSearch */,
			);
			name = GoogleSearch;
			packageProductDependencies = (
			);
			productName = GoogleSearch;
			productReference = 8D9FC5FA2CAD257300E8DCD6 /* GoogleSearch.app */;
			productType = "com.apple.product-type.application";
		};
		8D9FC60A2CAD257500E8DCD6 /* GoogleSearchTests */ = {
			isa = PBXNativeTarget;
			buildConfigurationList = 8D9FC6222CAD257500E8DCD6 /* Build configuration list for PBXNativeTarget "GoogleSearchTests" */;
			buildPhases = (
				8D9FC6072CAD257500E8DCD6 /* Sources */,
				8D9FC6082CAD257500E8DCD6 /* Frameworks */,
				8D9FC6092CAD257500E8DCD6 /* Resources */,
			);
			buildRules = (
			);
			dependencies = (
				8D9FC60D2CAD257500E8DCD6 /* PBXTargetDependency */,
			);
			fileSystemSynchronizedGroups = (
				8D9FC60E2CAD257500E8DCD6 /* GoogleSearchTests */,
			);
			name = GoogleSearchTests;
			packageProductDependencies = (
			);
			productName = GoogleSearchTests;
			productReference = 8D9FC60B2CAD257500E8DCD6 /* GoogleSearchTests.xctest */;
			productType = "com.apple.product-type.bundle.unit-test";
		};
		8D9FC6142CAD257500E8DCD6 /* GoogleSearchUITests */ = {
			isa = PBXNativeTarget;
			buildConfigurationList = 8D9FC6252CAD257500E8DCD6 /* Build configuration list for PBXNativeTarget "GoogleSearchUITests" */;
			buildPhases = (
				8D9FC6112CAD257500E8DCD6 /* Sources */,
				8D9FC6122CAD257500E8DCD6 /* Frameworks */,
				8D9FC6132CAD257500E8DCD6 /* Resources */,
			);
			buildRules = (
			);
			dependencies = (
				8D9FC6172CAD257500E8DCD6 /* PBXTargetDependency */,
			);
			fileSystemSynchronizedGroups = (
				8D9FC6182CAD257500E8DCD6 /* GoogleSearchUITests */,
			);
			name = GoogleSearchUITests;
			packageProductDependencies = (
			);
			productName = GoogleSearchUITests;
			productReference = 8D9FC6152CAD257500E8DCD6 /* GoogleSearchUITests.xctest */;
			productType = "com.apple.product-type.bundle.ui-testing";
		};
/* End PBXNativeTarget section */

/* Begin PBXProject section */
		8D9FC5F22CAD257300E8DCD6 /* Project object */ = {
			isa = PBXProject;
			attributes = {
				BuildIndependentTargetsInParallel = 1;
				LastSwiftUpdateCheck = 1610;
				LastUpgradeCheck = 1610;
				TargetAttributes = {
					8D9FC5F92CAD257300E8DCD6 = {
						CreatedOnToolsVersion = 16.1;
					};
					8D9FC60A2CAD257500E8DCD6 = {
						CreatedOnToolsVersion = 16.1;
						TestTargetID = 8D9FC5F92CAD257300E8DCD6;
					};
					8D9FC6142CAD257500E8DCD6 = {
						CreatedOnToolsVersion = 16.1;
						TestTargetID = 8D9FC5F92CAD257300E8DCD6;
					};
				};
			};
			buildConfigurationList = 8D9FC5F52CAD257300E8DCD6 /* Build configuration list for PBXProject "GoogleSearch" */;
			developmentRegion = en;
			hasScannedForEncodings = 0;
			knownRegions = (
				en,
				Base,
			);
			mainGroup = 8D9FC5F12CAD257300E8DCD6;
			minimizedProjectReferenceProxies = 1;
			preferredProjectObjectVersion = 77;
			productRefGroup = 8D9FC5FB2CAD257300E8DCD6 /* Products */;
			projectDirPath = "";
			projectRoot = "";
			targets = (
				8D9FC5F92CAD257300E8DCD6 /* GoogleSearch */,
				8D9FC60A2CAD257500E8DCD6 /* GoogleSearchTests */,
				8D9FC6142CAD257500E8DCD6 /* GoogleSearchUITests */,
			);
		};
/* End PBXProject section */

/* Begin PBXResourcesBuildPhase section */
		8D9FC5F82CAD257300E8DCD6 /* Resources */ = {
			isa = PBXResourcesBuildPhase;
			buildActionMask = 2147483647;
			files = (
			);
			runOnlyForDeploymentPostprocessing = 0;
		};
		8D9FC6092CAD257500E8DCD6 /* Resources */ = {
			isa = PBXResourcesBuildPhase;
			buildActionMask = 2147483647;
			files = (
			);
			runOnlyForDeploymentPostprocessing = 0;
		};
		8D9FC6132CAD257500E8DCD6 /* Resources */ = {
			isa = PBXResourcesBuildPhase;
			buildActionMask = 2147483647;
			files = (
			);
			runOnlyForDeploymentPostprocessing = 0;
		};
/* End PBXResourcesBuildPhase section */

/* Begin PBXSourcesBuildPhase section */
		8D9FC5F62CAD257300E8DCD6 /* Sources */ = {
			isa = PBXSourcesBuildPhase;
			buildActionMask = 2147483647;
			files = (
			);
			runOnlyForDeploymentPostprocessing = 0;
		};
		8D9FC6072CAD257500E8DCD6 /* Sources */ = {
			isa = PBXSourcesBuildPhase;
			buildActionMask = 2147483647;
			files = (
			);
			runOnlyForDeploymentPostprocessing = 0;
		};
		8D9FC6112CAD257500E8DCD6 /* Sources */ = {
			isa = PBXSourcesBuildPhase;
			buildActionMask = 2147483647;
			files = (
			);
			runOnlyForDeploymentPostprocessing = 0;
		};
/* End PBXSourcesBuildPhase section */

/* Begin PBXTargetDependency section */
		8D9FC60D2CAD257500E8DCD6 /* PBXTargetDependency */ = {
			isa = PBXTargetDependency;
			target = 8D9FC5F92CAD257300E8DCD6 /* GoogleSearch */;
			targetProxy = 8D9FC60C2CAD257500E8DCD6 /* PBXContainerItemProxy */;
		};
		8D9FC6172CAD257500E8DCD6 /* PBXTargetDependency */ = {
			isa = PBXTargetDependency;
			target = 8D9FC5F92CAD257300E8DCD6 /* GoogleSearch */;
			targetProxy = 8D9FC6162CAD257500E8DCD6 /* PBXContainerItemProxy */;
		};
/* End PBXTargetDependency section */

/* Begin XCBuildConfiguration section */
		8D9FC61D2CAD257500E8DCD6 /* Debug */ = {
			isa = XCBuildConfiguration;
			buildSettings = {
				ALWAYS_SEARCH_USER_PATHS = NO;
				ASSETCATALOG_COMPILER_GENERATE_SWIFT_ASSET_SYMBOL_EXTENSIONS = YES;
				CLANG_ANALYZER_NONNULL = YES;
				CLANG_ANALYZER_NUMBER_OBJECT_CONVERSION = YES_AGGRESSIVE;
				CLANG_CXX_LANGUAGE_STANDARD = "gnu++20";
				CLANG_ENABLE_MODULES = YES;
				CLANG_ENABLE_OBJC_ARC = YES;
				CLANG_ENABLE_OBJC_WEAK = YES;
				CLANG_WARN_BLOCK_CAPTURE_AUTORELEASING = YES;
				CLANG_WARN_BOOL_CONVERSION = YES;
				CLANG_WARN_COMMA = YES;
				CLANG_WARN_CONSTANT_CONVERSION = YES;
				CLANG_WARN_DEPRECATED_OBJC_IMPLEMENTATIONS = YES;
				CLANG_WARN_DIRECT_OBJC_ISA_USAGE = YES_ERROR;
				CLANG_WARN_DOCUMENTATION_COMMENTS = YES;
				CLANG_WARN_EMPTY_BODY = YES;
				CLANG_WARN_ENUM_CONVERSION = YES;
				CLANG_WARN_INFINITE_RECURSION = YES;
				CLANG_WARN_INT_CONVERSION = YES;
				CLANG_WARN_NON_LITERAL_NULL_CONVERSION = YES;
				CLANG_WARN_OBJC_IMPLICIT_RETAIN_SELF = YES;
				CLANG_WARN_OBJC_LITERAL_CONVERSION = YES;
				CLANG_WARN_OBJC_ROOT_CLASS = YES_ERROR;
				CLANG_WARN_QUOTED_INCLUDE_IN_FRAMEWORK_HEADER = YES;
				CLANG_WARN_RANGE_LOOP_ANALYSIS = YES;
				CLANG_WARN_STRICT_PROTOTYPES = YES;
				CLANG_WARN_SUSPICIOUS_MOVE = YES;
				CLANG_WARN_UNGUARDED_AVAILABILITY = YES_AGGRESSIVE;
				CLANG_WARN_UNREACHABLE_CODE = YES;
				CLANG_WARN__DUPLICATE_METHOD_MATCH = YES;
				COPY_PHASE_STRIP = NO;
				DEBUG_INFORMATION_FORMAT = dwarf;
				ENABLE_STRICT_OBJC_MSGSEND = YES;
				ENABLE_TESTABILITY = YES;
				ENABLE_USER_SCRIPT_SANDBOXING = YES;
				GCC_C_LANGUAGE_STANDARD = gnu17;
				GCC_DYNAMIC_NO_PIC = NO;
				GCC_NO_COMMON_BLOCKS = YES;
				GCC_OPTIMIZATION_LEVEL = 0;
				GCC_PREPROCESSOR_DEFINITIONS = (
					"DEBUG=1",
					"$(inherited)",
				);
				GCC_WARN_64_TO_32_BIT_CONVERSION = YES;
				GCC_WARN_ABOUT_RETURN_TYPE = YES_ERROR;
				GCC_WARN_UNDECLARED_SELECTOR = YES;
				GCC_WARN_UNINITIALIZED_AUTOS = YES_AGGRESSIVE;
				GCC_WARN_UNUSED_FUNCTION = YES;
				GCC_WARN_UNUSED_VARIABLE = YES;
				LOCALIZATION_PREFERS_STRING_CATALOGS = YES;
				MACOSX_DEPLOYMENT_TARGET = 15.1;
				MTL_ENABLE_DEBUG_INFO = INCLUDE_SOURCE;
				MTL_FAST_MATH = YES;
				ONLY_ACTIVE_ARCH = YES;
				SDKROOT = macosx;
				SWIFT_ACTIVE_COMPILATION_CONDITIONS = "DEBUG $(inherited)";
				SWIFT_OPTIMIZATION_LEVEL = "-Onone";
			};
			name = Debug;
		};
		8D9FC61E2CAD257500E8DCD6 /* Release */ = {
			isa = XCBuildConfiguration;
			buildSettings = {
				ALWAYS_SEARCH_USER_PATHS = NO;
				ASSETCATALOG_COMPILER_GENERATE_SWIFT_ASSET_SYMBOL_EXTENSIONS = YES;
				CLANG_ANALYZER_NONNULL = YES;
				CLANG_ANALYZER_NUMBER_OBJECT_CONVERSION = YES_AGGRESSIVE;
				CLANG_CXX_LANGUAGE_STANDARD = "gnu++20";
				CLANG_ENABLE_MODULES = YES;
				CLANG_ENABLE_OBJC_ARC = YES;
				CLANG_ENABLE_OBJC_WEAK = YES;
				CLANG_WARN_BLOCK_CAPTURE_AUTORELEASING = YES;
				CLANG_WARN_BOOL_CONVERSION = YES;
				CLANG_WARN_COMMA = YES;
				CLANG_WARN_CONSTANT_CONVERSION = YES;
				CLANG_WARN_DEPRECATED_OBJC_IMPLEMENTATIONS = YES;
				CLANG_WARN_DIRECT_OBJC_ISA_USAGE = YES_ERROR;
				CLANG_WARN_DOCUMENTATION_COMMENTS = YES;
				CLANG_WARN_EMPTY_BODY = YES;
				CLANG_WARN_ENUM_CONVERSION = YES;
				CLANG_WARN_INFINITE_RECURSION = YES;
				CLANG_WARN_INT_CONVERSION = YES;
				CLANG_WARN_NON_LITERAL_NULL_CONVERSION = YES;
				CLANG_WARN_OBJC_IMPLICIT_RETAIN_SELF = YES;
				CLANG_WARN_OBJC_LITERAL_CONVERSION = YES;
				CLANG_WARN_OBJC_ROOT_CLASS = YES_ERROR;
				CLANG_WARN_QUOTED_INCLUDE_IN_FRAMEWORK_HEADER = YES;
				CLANG_WARN_RANGE_LOOP_ANALYSIS = YES;
				CLANG_WARN_STRICT_PROTOTYPES = YES;
				CLANG_WARN_SUSPICIOUS_MOVE = YES;
				CLANG_WARN_UNGUARDED_AVAILABILITY = YES_AGGRESSIVE;
				CLANG_WARN_UNREACHABLE_CODE = YES;
				CLANG_WARN__DUPLICATE_METHOD_MATCH = YES;
				COPY_PHASE_STRIP = NO;
				DEBUG_INFORMATION_FORMAT = "dwarf-with-dsym";
				ENABLE_NS_ASSERTIONS = NO;
				ENABLE_STRICT_OBJC_MSGSEND = YES;
				ENABLE_USER_SCRIPT_SANDBOXING = YES;
				GCC_C_LANGUAGE_STANDARD = gnu17;
				GCC_NO_COMMON_BLOCKS = YES;
				GCC_WARN_64_TO_32_BIT_CONVERSION = YES;
				GCC_WARN_ABOUT_RETURN_TYPE = YES_ERROR;
				GCC_WARN_UNDECLARED_SELECTOR = YES;
				GCC_WARN_UNINITIALIZED_AUTOS = YES_AGGRESSIVE;
				GCC_WARN_UNUSED_FUNCTION = YES;
				GCC_WARN_UNUSED_VARIABLE = YES;
				LOCALIZATION_PREFERS_STRING_CATALOGS = YES;
				MACOSX_DEPLOYMENT_TARGET = 15.1;
				MTL_ENABLE_DEBUG_INFO = NO;
				MTL_FAST_MATH = YES;
				SDKROOT = macosx;
				SWIFT_COMPILATION_MODE = wholemodule;
			};
			name = Release;
		};
		8D9FC6202CAD257500E8DCD6 /* Debug */ = {
			isa = XCBuildConfiguration;
			buildSettings = {
				ASSETCATALOG_COMPILER_APPICON_NAME = AppIcon;
				ASSETCATALOG_COMPILER_GLOBAL_ACCENT_COLOR_NAME = AccentColor;
				CODE_SIGN_ENTITLEMENTS = GoogleSearch/GoogleSearch.entitlements;
				CODE_SIGN_STYLE = Automatic;
				COMBINE_HIDPI_IMAGES = YES;
				CURRENT_PROJECT_VERSION = 1;
				DEVELOPMENT_ASSET_PATHS = "\"GoogleSearch/Preview Content\"";
				DEVELOPMENT_TEAM = 44U4N2P8L5;
				ENABLE_HARDENED_RUNTIME = YES;
				ENABLE_PREVIEWS = YES;
				GENERATE_INFOPLIST_FILE = YES;
				INFOPLIST_KEY_NSHumanReadableCopyright = "";
				LD_RUNPATH_SEARCH_PATHS = (
					"$(inherited)",
					"@executable_path/../Frameworks",
				);
				MARKETING_VERSION = 1.0;
				PRODUCT_BUNDLE_IDENTIFIER = com.timi2506.GoogleSearch;
				PRODUCT_NAME = "$(TARGET_NAME)";
				SWIFT_EMIT_LOC_STRINGS = YES;
				SWIFT_VERSION = 5.0;
			};
			name = Debug;
		};
		8D9FC6212CAD257500E8DCD6 /* Release */ = {
			isa = XCBuildConfiguration;
			buildSettings = {
				ASSETCATALOG_COMPILER_APPICON_NAME = AppIcon;
				ASSETCATALOG_COMPILER_GLOBAL_ACCENT_COLOR_NAME = AccentColor;
				CODE_SIGN_ENTITLEMENTS = GoogleSearch/GoogleSearch.entitlements;
				CODE_SIGN_STYLE = Automatic;
				COMBINE_HIDPI_IMAGES = YES;
				CURRENT_PROJECT_VERSION = 1;
				DEVELOPMENT_ASSET_PATHS = "\"GoogleSearch/Preview Content\"";
				DEVELOPMENT_TEAM = 44U4N2P8L5;
				ENABLE_HARDENED_RUNTIME = YES;
				ENABLE_PREVIEWS = YES;
				GENERATE_INFOPLIST_FILE = YES;
				INFOPLIST_KEY_NSHumanReadableCopyright = "";
				LD_RUNPATH_SEARCH_PATHS = (
					"$(inherited)",
					"@executable_path/../Frameworks",
				);
				MARKETING_VERSION = 1.0;
				PRODUCT_BUNDLE_IDENTIFIER = com.timi2506.GoogleSearch;
				PRODUCT_NAME = "$(TARGET_NAME)";
				SWIFT_EMIT_LOC_STRINGS = YES;
				SWIFT_VERSION = 5.0;
			};
			name = Release;
		};
		8D9FC6232CAD257500E8DCD6 /* Debug */ = {
			isa = XCBuildConfiguration;
			buildSettings = {
				BUNDLE_LOADER = "$(TEST_HOST)";
				CODE_SIGN_STYLE = Automatic;
				CURRENT_PROJECT_VERSION = 1;
				DEVELOPMENT_TEAM = 44U4N2P8L5;
				GENERATE_INFOPLIST_FILE = YES;
				MACOSX_DEPLOYMENT_TARGET = 15.1;
				MARKETING_VERSION = 1.0;
				PRODUCT_BUNDLE_IDENTIFIER = com.timi2506.GoogleSearchTests;
				PRODUCT_NAME = "$(TARGET_NAME)";
				SWIFT_EMIT_LOC_STRINGS = NO;
				SWIFT_VERSION = 5.0;
				TEST_HOST = "$(BUILT_PRODUCTS_DIR)/GoogleSearch.app/$(BUNDLE_EXECUTABLE_FOLDER_PATH)/GoogleSearch";
			};
			name = Debug;
		};
		8D9FC6242CAD257500E8DCD6 /* Release */ = {
			isa = XCBuildConfiguration;
			buildSettings = {
				BUNDLE_LOADER = "$(TEST_HOST)";
				CODE_SIGN_STYLE = Automatic;
				CURRENT_PROJECT_VERSION = 1;
				DEVELOPMENT_TEAM = 44U4N2P8L5;
				GENERATE_INFOPLIST_FILE = YES;
				MACOSX_DEPLOYMENT_TARGET = 15.1;
				MARKETING_VERSION = 1.0;
				PRODUCT_BUNDLE_IDENTIFIER = com.timi2506.GoogleSearchTests;
				PRODUCT_NAME = "$(TARGET_NAME)";
				SWIFT_EMIT_LOC_STRINGS = NO;
				SWIFT_VERSION = 5.0;
				TEST_HOST = "$(BUILT_PRODUCTS_DIR)/GoogleSearch.app/$(BUNDLE_EXECUTABLE_FOLDER_PATH)/GoogleSearch";
			};
			name = Release;
		};
		8D9FC6262CAD257500E8DCD6 /* Debug */ = {
			isa = XCBuildConfiguration;
			buildSettings = {
				CODE_SIGN_STYLE = Automatic;
				CURRENT_PROJECT_VERSION = 1;
				DEVELOPMENT_TEAM = 44U4N2P8L5;
				GENERATE_INFOPLIST_FILE = YES;
				MARKETING_VERSION = 1.0;
				PRODUCT_BUNDLE_IDENTIFIER = com.timi2506.GoogleSearchUITests;
				PRODUCT_NAME = "$(TARGET_NAME)";
				SWIFT_EMIT_LOC_STRINGS = NO;
				SWIFT_VERSION = 5.0;
				TEST_TARGET_NAME = GoogleSearch;
			};
			name = Debug;
		};
		8D9FC6272CAD257500E8DCD6 /* Release */ = {
			isa = XCBuildConfiguration;
			buildSettings = {
				CODE_SIGN_STYLE = Automatic;
				CURRENT_PROJECT_VERSION = 1;
				DEVELOPMENT_TEAM = 44U4N2P8L5;
				GENERATE_INFOPLIST_FILE = YES;
				MARKETING_VERSION = 1.0;
				PRODUCT_BUNDLE_IDENTIFIER = com.timi2506.GoogleSearchUITests;
				PRODUCT_NAME = "$(TARGET_NAME)";
				SWIFT_EMIT_LOC_STRINGS = NO;
				SWIFT_VERSION = 5.0;
				TEST_TARGET_NAME = GoogleSearch;
			};
			name = Release;
		};
/* End XCBuildConfiguration section */

/* Begin XCConfigurationList section */
		8D9FC5F52CAD257300E8DCD6 /* Build configuration list for PBXProject "GoogleSearch" */ = {
			isa = XCConfigurationList;
			buildConfigurations = (
				8D9FC61D2CAD257500E8DCD6 /* Debug */,
				8D9FC61E2CAD257500E8DCD6 /* Release */,
			);
			defaultConfigurationIsVisible = 0;
			defaultConfigurationName = Release;
		};
		8D9FC61F2CAD257500E8DCD6 /* Build configuration list for PBXNativeTarget "GoogleSearch" */ = {
			isa = XCConfigurationList;
			buildConfigurations = (
				8D9FC6202CAD257500E8DCD6 /* Debug */,
				8D9FC6212CAD257500E8DCD6 /* Release */,
			);
			defaultConfigurationIsVisible = 0;
			defaultConfigurationName = Release;
		};
		8D9FC6222CAD257500E8DCD6 /* Build configuration list for PBXNativeTarget "GoogleSearchTests" */ = {
			isa = XCConfigurationList;
			buildConfigurations = (
				8D9FC6232CAD257500E8DCD6 /* Debug */,
				8D9FC6242CAD257500E8DCD6 /* Release */,
			);
			defaultConfigurationIsVisible = 0;
			defaultConfigurationName = Release;
		};
		8D9FC6252CAD257500E8DCD6 /* Build configuration list for PBXNativeTarget "GoogleSearchUITests" */ = {
			isa = XCConfigurationList;
			buildConfigurations = (
				8D9FC6262CAD257500E8DCD6 /* Debug */,
				8D9FC6272CAD257500E8DCD6 /* Release */,
			);
			defaultConfigurationIsVisible = 0;
			defaultConfigurationName = Release;
		};
/* End XCConfigurationList section */
	};
	rootObject = 8D9FC5F22CAD257300E8DCD6 /* Project object */;
}
